
Microsoft Visual Studio Solution File, Format Version 12.00
# Visual Studio Version 16
VisualStudioVersion = 16.0.30413.136
MinimumVisualStudioVersion = 10.0.40219.1
Project("{888888A0-9F3D-457C-B088-3A5042F75D52}") = "F29.BioEntity", "F29.BioEntity\F29.BioEntity.pyproj", "{3AC2333A-8AC3-4070-B7DD-2C0E0E2FB120}"
EndProject
Project("{2150E333-8FDC-42A3-9474-1A3956D46DE8}") = "Solution Items", "Solution Items", "{57FCB341-C6FD-42AB-9791-760FF631B9F2}"
	ProjectSection(SolutionItems) = preProject
		LICENSE = LICENSE
		README.md = README.md
	EndProjectSection
EndProject
Global
	GlobalSection(SolutionConfigurationPlatforms) = preSolution
		Debug|Any CPU = Debug|Any CPU
		Release|Any CPU = Release|Any CPU
	EndGlobalSection
	GlobalSection(ProjectConfigurationPlatforms) = postSolution
		{3AC2333A-8AC3-4070-B7DD-2C0E0E2FB120}.Debug|Any CPU.ActiveCfg = Debug|Any CPU
		{3AC2333A-8AC3-4070-B7DD-2C0E0E2FB120}.Release|Any CPU.ActiveCfg = Release|Any CPU
	EndGlobalSection
	GlobalSection(SolutionProperties) = preSolution
		HideSolutionNode = FALSE
	EndGlobalSection
	GlobalSection(ExtensibilityGlobals) = postSolution
		SolutionGuid = {C062FC23-3F1F-4305-89B2-C7470B158B37}
	EndGlobalSection
EndGlobal
